// !$*UTF8*$!
{
	archiveVersion = 1;
	classes = {
	};
	objectVersion = 50;
	objects = {

/* Begin PBXBuildFile section */
		357F5B24C2A3952E4F4BFB66 /* Pods_DataDemo.framework in Frameworks */ = {isa = PBXBuildFile; fileRef = 10F933957B4D0B336EEDAB67 /* Pods_DataDemo.framework */; };
		E47063F721DDAACA00C66671 /* AppDelegate.swift in Sources */ = {isa = PBXBuildFile; fileRef = E47063F621DDAACA00C66671 /* AppDelegate.swift */; };
		E47063FE21DDAACD00C66671 /* Assets.xcassets in Resources */ = {isa = PBXBuildFile; fileRef = E47063FD21DDAACD00C66671 /* Assets.xcassets */; };
		E470640121DDAACD00C66671 /* LaunchScreen.storyboard in Resources */ = {isa = PBXBuildFile; fileRef = E47063FF21DDAACD00C66671 /* LaunchScreen.storyboard */; };
		E470640A21DDAE2A00C66671 /* HomeViewController.swift in Sources */ = {isa = PBXBuildFile; fileRef = E470640921DDAE2A00C66671 /* HomeViewController.swift */; };
		E470640C21DDAE4800C66671 /* StudentViewController.swift in Sources */ = {isa = PBXBuildFile; fileRef = E470640B21DDAE4800C66671 /* StudentViewController.swift */; };
		E470641321DDBEEE00C66671 /* StudentCell.swift in Sources */ = {isa = PBXBuildFile; fileRef = E470641221DDBEEE00C66671 /* StudentCell.swift */; };
		E470641521DDDFA400C66671 /* Student.swift in Sources */ = {isa = PBXBuildFile; fileRef = E470641421DDDFA400C66671 /* Student.swift */; };
/* End PBXBuildFile section */

/* Begin PBXFileReference section */
		10F933957B4D0B336EEDAB67 /* Pods_DataDemo.framework */ = {isa = PBXFileReference; explicitFileType = wrapper.framework; includeInIndex = 0; path = Pods_DataDemo.framework; sourceTree = BUILT_PRODUCTS_DIR; };
		46E7E1848EFD7EDB2095A64C /* Pods-DataDemo.debug.xcconfig */ = {isa = PBXFileReference; includeInIndex = 1; lastKnownFileType = text.xcconfig; name = "Pods-DataDemo.debug.xcconfig"; path = "Target Support Files/Pods-DataDemo/Pods-DataDemo.debug.xcconfig"; sourceTree = "<group>"; };
		7C2502A008454D36DF026BCF /* Pods-DataDemo.release.xcconfig */ = {isa = PBXFileReference; includeInIndex = 1; lastKnownFileType = text.xcconfig; name = "Pods-DataDemo.release.xcconfig"; path = "Target Support Files/Pods-DataDemo/Pods-DataDemo.release.xcconfig"; sourceTree = "<group>"; };
		E47063F321DDAACA00C66671 /* DataDemo.app */ = {isa = PBXFileReference; explicitFileType = wrapper.application; includeInIndex = 0; path = DataDemo.app; sourceTree = BUILT_PRODUCTS_DIR; };
		E47063F621DDAACA00C66671 /* AppDelegate.swift */ = {isa = PBXFileReference; lastKnownFileType = sourcecode.swift; path = AppDelegate.swift; sourceTree = "<group>"; };
		E47063FD21DDAACD00C66671 /* Assets.xcassets */ = {isa = PBXFileReference; lastKnownFileType = folder.assetcatalog; path = Assets.xcassets; sourceTree = "<group>"; };
		E470640021DDAACD00C66671 /* Base */ = {isa = PBXFileReference; lastKnownFileType = file.storyboard; name = Base; path = Base.lproj/LaunchScreen.storyboard; sourceTree = "<group>"; };
		E470640221DDAACD00C66671 /* Info.plist */ = {isa = PBXFileReference; lastKnownFileType = text.plist.xml; path = Info.plist; sourceTree = "<group>"; };
		E470640921DDAE2A00C66671 /* HomeViewController.swift */ = {isa = PBXFileReference; lastKnownFileType = sourcecode.swift; path = HomeViewController.swift; sourceTree = "<group>"; };
		E470640B21DDAE4800C66671 /* StudentViewController.swift */ = {isa = PBXFileReference; lastKnownFileType = sourcecode.swift; path = StudentViewController.swift; sourceTree = "<group>"; };
		E470641221DDBEEE00C66671 /* StudentCell.swift */ = {isa = PBXFileReference; lastKnownFileType = sourcecode.swift; path = StudentCell.swift; sourceTree = "<group>"; };
		E470641421DDDFA400C66671 /* Student.swift */ = {isa = PBXFileReference; lastKnownFileType = sourcecode.swift; path = Student.swift; sourceTree = "<group>"; };
/* End PBXFileReference section */

/* Begin PBXFrameworksBuildPhase section */
		E47063F021DDAACA00C66671 /* Frameworks */ = {
			isa = PBXFrameworksBuildPhase;
			buildActionMask = 2147483647;
			files = (
				357F5B24C2A3952E4F4BFB66 /* Pods_DataDemo.framework in Frameworks */,
			);
			runOnlyForDeploymentPostprocessing = 0;
		};
/* End PBXFrameworksBuildPhase section */

/* Begin PBXGroup section */
		8DEA0FA0150DC3CB1E0C1255 /* Frameworks */ = {
			isa = PBXGroup;
			children = (
				10F933957B4D0B336EEDAB67 /* Pods_DataDemo.framework */,
			);
			name = Frameworks;
			sourceTree = "<group>";
		};
		8E71B4FB55402C1E8AABD51A /* Pods */ = {
			isa = PBXGroup;
			children = (
				46E7E1848EFD7EDB2095A64C /* Pods-DataDemo.debug.xcconfig */,
				7C2502A008454D36DF026BCF /* Pods-DataDemo.release.xcconfig */,
			);
			path = Pods;
			sourceTree = "<group>";
		};
		E47063EA21DDAACA00C66671 = {
			isa = PBXGroup;
			children = (
				E47063F521DDAACA00C66671 /* DataDemo */,
				E47063F421DDAACA00C66671 /* Products */,
				8E71B4FB55402C1E8AABD51A /* Pods */,
				8DEA0FA0150DC3CB1E0C1255 /* Frameworks */,
			);
			sourceTree = "<group>";
		};
		E47063F421DDAACA00C66671 /* Products */ = {
			isa = PBXGroup;
			children = (
				E47063F321DDAACA00C66671 /* DataDemo.app */,
			);
			name = Products;
			sourceTree = "<group>";
		};
		E47063F521DDAACA00C66671 /* DataDemo */ = {
			isa = PBXGroup;
			children = (
				E470640D21DDAE4F00C66671 /* Controller */,
				E470640F21DDAE7B00C66671 /* View */,
				E470640E21DDAE6800C66671 /* Model */,
				E47063F621DDAACA00C66671 /* AppDelegate.swift */,
				E470640821DDAD4900C66671 /* Supporting files */,
			);
			path = DataDemo;
			sourceTree = "<group>";
		};
		E470640821DDAD4900C66671 /* Supporting files */ = {
			isa = PBXGroup;
			children = (
				E47063FD21DDAACD00C66671 /* Assets.xcassets */,
				E47063FF21DDAACD00C66671 /* LaunchScreen.storyboard */,
				E470640221DDAACD00C66671 /* Info.plist */,
			);
			path = "Supporting files";
			sourceTree = "<group>";
		};
		E470640D21DDAE4F00C66671 /* Controller */ = {
			isa = PBXGroup;
			children = (
				E470640921DDAE2A00C66671 /* HomeViewController.swift */,
				E470640B21DDAE4800C66671 /* StudentViewController.swift */,
			);
			path = Controller;
			sourceTree = "<group>";
		};
		E470640E21DDAE6800C66671 /* Model */ = {
			isa = PBXGroup;
			children = (
				E470641421DDDFA400C66671 /* Student.swift */,
			);
			path = Model;
			sourceTree = "<group>";
		};
		E470640F21DDAE7B00C66671 /* View */ = {
			isa = PBXGroup;
			children = (
				E470641221DDBEEE00C66671 /* StudentCell.swift */,
			);
			path = View;
			sourceTree = "<group>";
		};
/* End PBXGroup section */

/* Begin PBXNativeTarget section */
		E47063F221DDAACA00C66671 /* DataDemo */ = {
			isa = PBXNativeTarget;
			buildConfigurationList = E470640521DDAACD00C66671 /* Build configuration list for PBXNativeTarget "DataDemo" */;
			buildPhases = (
				A3C6E9AE806C80C7285D780D /* [CP] Check Pods Manifest.lock */,
				E47063EF21DDAACA00C66671 /* Sources */,
				E47063F021DDAACA00C66671 /* Frameworks */,
				E47063F121DDAACA00C66671 /* Resources */,
				406DC0C60B405790D9113FB9 /* [CP] Embed Pods Frameworks */,
			);
			buildRules = (
			);
			dependencies = (
			);
			name = DataDemo;
			productName = DataDemo;
			productReference = E47063F321DDAACA00C66671 /* DataDemo.app */;
			productType = "com.apple.product-type.application";
		};
/* End PBXNativeTarget section */

/* Begin PBXProject section */
		E47063EB21DDAACA00C66671 /* Project object */ = {
			isa = PBXProject;
			attributes = {
				LastSwiftUpdateCheck = 1010;
				LastUpgradeCheck = 1010;
				ORGANIZATIONNAME = david;
				TargetAttributes = {
					E47063F221DDAACA00C66671 = {
						CreatedOnToolsVersion = 10.1;
					};
				};
			};
			buildConfigurationList = E47063EE21DDAACA00C66671 /* Build configuration list for PBXProject "DataDemo" */;
			compatibilityVersion = "Xcode 9.3";
			developmentRegion = en;
			hasScannedForEncodings = 0;
			knownRegions = (
				en,
				Base,
			);
			mainGroup = E47063EA21DDAACA00C66671;
			productRefGroup = E47063F421DDAACA00C66671 /* Products */;
			projectDirPath = "";
			projectRoot = "";
			targets = (
				E47063F221DDAACA00C66671 /* DataDemo */,
			);
		};
/* End PBXProject section */

/* Begin PBXResourcesBuildPhase section */
		E47063F121DDAACA00C66671 /* Resources */ = {
			isa = PBXResourcesBuildPhase;
			buildActionMask = 2147483647;
			files = (
				E470640121DDAACD00C66671 /* LaunchScreen.storyboard in Resources */,
				E47063FE21DDAACD00C66671 /* Assets.xcassets in Resources */,
			);
			runOnlyForDeploymentPostprocessing = 0;
		};
/* End PBXResourcesBuildPhase section */

/* Begin PBXShellScriptBuildPhase section */
		406DC0C60B405790D9113FB9 /* [CP] Embed Pods Frameworks */ = {
			isa = PBXShellScriptBuildPhase;
			buildActionMask = 2147483647;
			files = (
			);
			inputFileListPaths = (
			);
			inputPaths = (
				"${PODS_ROOT}/Target Support Files/Pods-DataDemo/Pods-DataDemo-frameworks.sh",
				"${BUILT_PRODUCTS_DIR}/Alamofire/Alamofire.framework",
				"${BUILT_PRODUCTS_DIR}/DJExtension/DJExtension.framework",
				"${BUILT_PRODUCTS_DIR}/Moya/Moya.framework",
				"${BUILT_PRODUCTS_DIR}/ObjectMapper/ObjectMapper.framework",
				"${BUILT_PRODUCTS_DIR}/Result/Result.framework",
				"${BUILT_PRODUCTS_DIR}/SnapKit/SnapKit.framework",
				"${BUILT_PRODUCTS_DIR}/SwiftyJSON/SwiftyJSON.framework",
			);
			name = "[CP] Embed Pods Frameworks";
			outputFileListPaths = (
			);
			outputPaths = (
				"${TARGET_BUILD_DIR}/${FRAMEWORKS_FOLDER_PATH}/Alamofire.framework",
				"${TARGET_BUILD_DIR}/${FRAMEWORKS_FOLDER_PATH}/DJExtension.framework",
				"${TARGET_BUILD_DIR}/${FRAMEWORKS_FOLDER_PATH}/Moya.framework",
				"${TARGET_BUILD_DIR}/${FRAMEWORKS_FOLDER_PATH}/ObjectMapper.framework",
				"${TARGET_BUILD_DIR}/${FRAMEWORKS_FOLDER_PATH}/Result.framework",
				"${TARGET_BUILD_DIR}/${FRAMEWORKS_FOLDER_PATH}/SnapKit.framework",
				"${TARGET_BUILD_DIR}/${FRAMEWORKS_FOLDER_PATH}/SwiftyJSON.framework",
			);
			runOnlyForDeploymentPostprocessing = 0;
			shellPath = /bin/sh;
			shellScript = "\"${PODS_ROOT}/Target Support Files/Pods-DataDemo/Pods-DataDemo-frameworks.sh\"\n";
			showEnvVarsInLog = 0;
		};
		A3C6E9AE806C80C7285D780D /* [CP] Check Pods Manifest.lock */ = {
			isa = PBXShellScriptBuildPhase;
			buildActionMask = 2147483647;
			files = (
			);
			inputFileListPaths = (
			);
			inputPaths = (
				"${PODS_PODFILE_DIR_PATH}/Podfile.lock",
				"${PODS_ROOT}/Manifest.lock",
			);
			name = "[CP] Check Pods Manifest.lock";
			outputFileListPaths = (
			);
			outputPaths = (
				"$(DERIVED_FILE_DIR)/Pods-DataDemo-checkManifestLockResult.txt",
			);
			runOnlyForDeploymentPostprocessing = 0;
			shellPath = /bin/sh;
			shellScript = "diff \"${PODS_PODFILE_DIR_PATH}/Podfile.lock\" \"${PODS_ROOT}/Manifest.lock\" > /dev/null\nif [ $? != 0 ] ; then\n    # print error to STDERR\n    echo \"error: The sandbox is not in sync with the Podfile.lock. Run 'pod install' or update your CocoaPods installation.\" >&2\n    exit 1\nfi\n# This output is used by Xcode 'outputs' to avoid re-running this script phase.\necho \"SUCCESS\" > \"${SCRIPT_OUTPUT_FILE_0}\"\n";
			showEnvVarsInLog = 0;
		};
/* End PBXShellScriptBuildPhase section */

/* Begin PBXSourcesBuildPhase section */
		E47063EF21DDAACA00C66671 /* Sources */ = {
			isa = PBXSourcesBuildPhase;
			buildActionMask = 2147483647;
			files = (
				E470640C21DDAE4800C66671 /* StudentViewController.swift in Sources */,
				E47063F721DDAACA00C66671 /* AppDelegate.swift in Sources */,
				E470640A21DDAE2A00C66671 /* HomeViewController.swift in Sources */,
				E470641521DDDFA400C66671 /* Student.swift in Sources */,
				E470641321DDBEEE00C66671 /* StudentCell.swift in Sources */,
			);
			runOnlyForDeploymentPostprocessing = 0;
		};
/* End PBXSourcesBuildPhase section */

/* Begin PBXVariantGroup section */
		E47063FF21DDAACD00C66671 /* LaunchScreen.storyboard */ = {
			isa = PBXVariantGroup;
			children = (
				E470640021DDAACD00C66671 /* Base */,
			);
			name = LaunchScreen.storyboard;
			sourceTree = "<group>";
		};
/* End PBXVariantGroup section */

/* Begin XCBuildConfiguration section */
		E470640321DDAACD00C66671 /* Debug */ = {
			isa = XCBuildConfiguration;
			buildSettings = {
				ALWAYS_SEARCH_USER_PATHS = NO;
				CLANG_ANALYZER_NONNULL = YES;
				CLANG_ANALYZER_NUMBER_OBJECT_CONVERSION = YES_AGGRESSIVE;
				CLANG_CXX_LANGUAGE_STANDARD = "gnu++14";
				CLANG_CXX_LIBRARY = "libc++";
				CLANG_ENABLE_MODULES = YES;
				CLANG_ENABLE_OBJC_ARC = YES;
				CLANG_ENABLE_OBJC_WEAK = YES;
				CLANG_WARN_BLOCK_CAPTURE_AUTORELEASING = YES;
				CLANG_WARN_BOOL_CONVERSION = YES;
				CLANG_WARN_COMMA = YES;
				CLANG_WARN_CONSTANT_CONVERSION = YES;
				CLANG_WARN_DEPRECATED_OBJC_IMPLEMENTATIONS = YES;
				CLANG_WARN_DIRECT_OBJC_ISA_USAGE = YES_ERROR;
				CLANG_WARN_DOCUMENTATION_COMMENTS = YES;
				CLANG_WARN_EMPTY_BODY = YES;
				CLANG_WARN_ENUM_CONVERSION = YES;
				CLANG_WARN_INFINITE_RECURSION = YES;
				CLANG_WARN_INT_CONVERSION = YES;
				CLANG_WARN_NON_LITERAL_NULL_CONVERSION = YES;
				CLANG_WARN_OBJC_IMPLICIT_RETAIN_SELF = YES;
				CLANG_WARN_OBJC_LITERAL_CONVERSION = YES;
				CLANG_WARN_OBJC_ROOT_CLASS = YES_ERROR;
				CLANG_WARN_RANGE_LOOP_ANALYSIS = YES;
				CLANG_WARN_STRICT_PROTOTYPES = YES;
				CLANG_WARN_SUSPICIOUS_MOVE = YES;
				CLANG_WARN_UNGUARDED_AVAILABILITY = YES_AGGRESSIVE;
				CLANG_WARN_UNREACHABLE_CODE = YES;
				CLANG_WARN__DUPLICATE_METHOD_MATCH = YES;
				CODE_SIGN_IDENTITY = "iPhone Developer";
				COPY_PHASE_STRIP = NO;
				DEBUG_INFORMATION_FORMAT = dwarf;
				ENABLE_STRICT_OBJC_MSGSEND = YES;
				ENABLE_TESTABILITY = YES;
				GCC_C_LANGUAGE_STANDARD = gnu11;
				GCC_DYNAMIC_NO_PIC = NO;
				GCC_NO_COMMON_BLOCKS = YES;
				GCC_OPTIMIZATION_LEVEL = 0;
				GCC_PREPROCESSOR_DEFINITIONS = (
					"DEBUG=1",
					"$(inherited)",
				);
				GCC_WARN_64_TO_32_BIT_CONVERSION = YES;
				GCC_WARN_ABOUT_RETURN_TYPE = YES_ERROR;
				GCC_WARN_UNDECLARED_SELECTOR = YES;
				GCC_WARN_UNINITIALIZED_AUTOS = YES_AGGRESSIVE;
				GCC_WARN_UNUSED_FUNCTION = YES;
				GCC_WARN_UNUSED_VARIABLE = YES;
				IPHONEOS_DEPLOYMENT_TARGET = 12.1;
				MTL_ENABLE_DEBUG_INFO = INCLUDE_SOURCE;
				MTL_FAST_MATH = YES;
				ONLY_ACTIVE_ARCH = YES;
				SDKROOT = iphoneos;
				SWIFT_ACTIVE_COMPILATION_CONDITIONS = DEBUG;
				SWIFT_OPTIMIZATION_LEVEL = "-Onone";
			};
			name = Debug;
		};
		E470640421DDAACD00C66671 /* Release */ = {
			isa = XCBuildConfiguration;
			buildSettings = {
				ALWAYS_SEARCH_USER_PATHS = NO;
				CLANG_ANALYZER_NONNULL = YES;
				CLANG_ANALYZER_NUMBER_OBJECT_CONVERSION = YES_AGGRESSIVE;
				CLANG_CXX_LANGUAGE_STANDARD = "gnu++14";
				CLANG_CXX_LIBRARY = "libc++";
				CLANG_ENABLE_MODULES = YES;
				CLANG_ENABLE_OBJC_ARC = YES;
				CLANG_ENABLE_OBJC_WEAK = YES;
				CLANG_WARN_BLOCK_CAPTURE_AUTORELEASING = YES;
				CLANG_WARN_BOOL_CONVERSION = YES;
				CLANG_WARN_COMMA = YES;
				CLANG_WARN_CONSTANT_CONVERSION = YES;
				CLANG_WARN_DEPRECATED_OBJC_IMPLEMENTATIONS = YES;
				CLANG_WARN_DIRECT_OBJC_ISA_USAGE = YES_ERROR;
				CLANG_WARN_DOCUMENTATION_COMMENTS = YES;
				CLANG_WARN_EMPTY_BODY = YES;
				CLANG_WARN_ENUM_CONVERSION = YES;
				CLANG_WARN_INFINITE_RECURSION = YES;
				CLANG_WARN_INT_CONVERSION = YES;
				CLANG_WARN_NON_LITERAL_NULL_CONVERSION = YES;
				CLANG_WARN_OBJC_IMPLICIT_RETAIN_SELF = YES;
				CLANG_WARN_OBJC_LITERAL_CONVERSION = YES;
				CLANG_WARN_OBJC_ROOT_CLASS = YES_ERROR;
				CLANG_WARN_RANGE_LOOP_ANALYSIS = YES;
				CLANG_WARN_STRICT_PROTOTYPES = YES;
				CLANG_WARN_SUSPICIOUS_MOVE = YES;
				CLANG_WARN_UNGUARDED_AVAILABILITY = YES_AGGRESSIVE;
				CLANG_WARN_UNREACHABLE_CODE = YES;
				CLANG_WARN__DUPLICATE_METHOD_MATCH = YES;
				CODE_SIGN_IDENTITY = "iPhone Developer";
				COPY_PHASE_STRIP = NO;
				DEBUG_INFORMATION_FORMAT = "dwarf-with-dsym";
				ENABLE_NS_ASSERTIONS = NO;
				ENABLE_STRICT_OBJC_MSGSEND = YES;
				GCC_C_LANGUAGE_STANDARD = gnu11;
				GCC_NO_COMMON_BLOCKS = YES;
				GCC_WARN_64_TO_32_BIT_CONVERSION = YES;
				GCC_WARN_ABOUT_RETURN_TYPE = YES_ERROR;
				GCC_WARN_UNDECLARED_SELECTOR = YES;
				GCC_WARN_UNINITIALIZED_AUTOS = YES_AGGRESSIVE;
				GCC_WARN_UNUSED_FUNCTION = YES;
				GCC_WARN_UNUSED_VARIABLE = YES;
				IPHONEOS_DEPLOYMENT_TARGET = 12.1;
				MTL_ENABLE_DEBUG_INFO = NO;
				MTL_FAST_MATH = YES;
				SDKROOT = iphoneos;
				SWIFT_COMPILATION_MODE = wholemodule;
				SWIFT_OPTIMIZATION_LEVEL = "-O";
				VALIDATE_PRODUCT = YES;
			};
			name = Release;
		};
		E470640621DDAACD00C66671 /* Debug */ = {
			isa = XCBuildConfiguration;
			baseConfigurationReference = 46E7E1848EFD7EDB2095A64C /* Pods-DataDemo.debug.xcconfig */;
			buildSettings = {
				ASSETCATALOG_COMPILER_APPICON_NAME = AppIcon;
				CODE_SIGN_STYLE = Automatic;
				DEVELOPMENT_TEAM = R2D7HB6A6A;
				INFOPLIST_FILE = "$(SRCROOT)/DataDemo/Supporting files/Info.plist";
				IPHONEOS_DEPLOYMENT_TARGET = 10;
				LD_RUNPATH_SEARCH_PATHS = (
					"$(inherited)",
					"@executable_path/Frameworks",
				);
				PRODUCT_BUNDLE_IDENTIFIER = com.david.DataDemo;
				PRODUCT_NAME = "$(TARGET_NAME)";
				SWIFT_VERSION = 4.2;
				TARGETED_DEVICE_FAMILY = 1;
			};
			name = Debug;
		};
		E470640721DDAACD00C66671 /* Release */ = {
			isa = XCBuildConfiguration;
			baseConfigurationReference = 7C2502A008454D36DF026BCF /* Pods-DataDemo.release.xcconfig */;
			buildSettings = {
				ASSETCATALOG_COMPILER_APPICON_NAME = AppIcon;
				CODE_SIGN_STYLE = Automatic;
				DEVELOPMENT_TEAM = R2D7HB6A6A;
				INFOPLIST_FILE = "$(SRCROOT)/DataDemo/Supporting files/Info.plist";
				IPHONEOS_DEPLOYMENT_TARGET = 10;
				LD_RUNPATH_SEARCH_PATHS = (
					"$(inherited)",
					"@executable_path/Frameworks",
				);
				PRODUCT_BUNDLE_IDENTIFIER = com.david.DataDemo;
				PRODUCT_NAME = "$(TARGET_NAME)";
				SWIFT_VERSION = 4.2;
				TARGETED_DEVICE_FAMILY = 1;
			};
			name = Release;
		};
/* End XCBuildConfiguration section */

/* Begin XCConfigurationList section */
		E47063EE21DDAACA00C66671 /* Build configuration list for PBXProject "DataDemo" */ = {
			isa = XCConfigurationList;
			buildConfigurations = (
				E470640321DDAACD00C66671 /* Debug */,
				E470640421DDAACD00C66671 /* Release */,
			);
			defaultConfigurationIsVisible = 0;
			defaultConfigurationName = Release;
		};
		E470640521DDAACD00C66671 /* Build configuration list for PBXNativeTarget "DataDemo" */ = {
			isa = XCConfigurationList;
			buildConfigurations = (
				E470640621DDAACD00C66671 /* Debug */,
				E470640721DDAACD00C66671 /* Release */,
			);
			defaultConfigurationIsVisible = 0;
			defaultConfigurationName = Release;
		};
/* End XCConfigurationList section */
	};
	rootObject = E47063EB21DDAACA00C66671 /* Project object */;
}
